
Microsoft Visual Studio Solution File, Format Version 12.00
# Visual Studio Version 17
VisualStudioVersion = 17.1.32328.378
MinimumVisualStudioVersion = 10.0.40219.1
Project("{FAE04EC0-301F-11D3-BF4B-00C04F79EFBC}") = "Question 1-Assesment", "Question 1-Assesment\Question 1-Assesment.csproj", "{A5BF9F70-A4EA-433B-896B-F644C3FE2F80}"
EndProject
Global
	GlobalSection(SolutionConfigurationPlatforms) = preSolution
		Debug|Any CPU = Debug|Any CPU
		Release|Any CPU = Release|Any CPU
	EndGlobalSection
	GlobalSection(ProjectConfigurationPlatforms) = postSolution
		{A5BF9F70-A4EA-433B-896B-F644C3FE2F80}.Debug|Any CPU.ActiveCfg = Debug|Any CPU
		{A5BF9F70-A4EA-433B-896B-F644C3FE2F80}.Debug|Any CPU.Build.0 = Debug|Any CPU
		{A5BF9F70-A4EA-433B-896B-F644C3FE2F80}.Release|Any CPU.ActiveCfg = Release|Any CPU
		{A5BF9F70-A4EA-433B-896B-F644C3FE2F80}.Release|Any CPU.Build.0 = Release|Any CPU
	EndGlobalSection
	GlobalSection(SolutionProperties) = preSolution
		HideSolutionNode = FALSE
	EndGlobalSection
	GlobalSection(ExtensibilityGlobals) = postSolution
		SolutionGuid = {C8C1C4D8-F8AC-46A7-82E4-7EFE157E9A13}
	EndGlobalSection
EndGlobal
